
Microsoft Visual Studio Solution File, Format Version 12.00
# Visual Studio 15
VisualStudioVersion = 15.0.28307.705
MinimumVisualStudioVersion = 10.0.40219.1
Project("{FAE04EC0-301F-11D3-BF4B-00C04F79EFBC}") = "SpeedCarsWeb", "SpeedCarsWeb\SpeedCarsWeb.csproj", "{10A43EC6-3824-4924-BC64-77E6F8E5BCEA}"
EndProject
Global
	GlobalSection(SolutionConfigurationPlatforms) = preSolution
		Debug|Any CPU = Debug|Any CPU
		Release|Any CPU = Release|Any CPU
	EndGlobalSection
	GlobalSection(ProjectConfigurationPlatforms) = postSolution
		{10A43EC6-3824-4924-BC64-77E6F8E5BCEA}.Debug|Any CPU.ActiveCfg = Debug|Any CPU
		{10A43EC6-3824-4924-BC64-77E6F8E5BCEA}.Debug|Any CPU.Build.0 = Debug|Any CPU
		{10A43EC6-3824-4924-BC64-77E6F8E5BCEA}.Release|Any CPU.ActiveCfg = Release|Any CPU
		{10A43EC6-3824-4924-BC64-77E6F8E5BCEA}.Release|Any CPU.Build.0 = Release|Any CPU
	EndGlobalSection
	GlobalSection(SolutionProperties) = preSolution
		HideSolutionNode = FALSE
	EndGlobalSection
	GlobalSection(ExtensibilityGlobals) = postSolution
		SolutionGuid = {8CC4C389-FAB3-4CDE-9ECF-B2D51116CBAA}
	EndGlobalSection
EndGlobal
